// !$*UTF8*$!
{
	archiveVersion = 1;
	classes = {
	};
	objectVersion = 46;
	objects = {

/* Begin PBXBuildFile section */
		791854A31F4D92B500712054 /* AppDelegate.swift in Sources */ = {isa = PBXBuildFile; fileRef = 791854A21F4D92B500712054 /* AppDelegate.swift */; };
		791854A51F4D92B500712054 /* ViewController.swift in Sources */ = {isa = PBXBuildFile; fileRef = 791854A41F4D92B500712054 /* ViewController.swift */; };
		791854A81F4D92B500712054 /* Main.storyboard in Resources */ = {isa = PBXBuildFile; fileRef = 791854A61F4D92B500712054 /* Main.storyboard */; };
		791854AB1F4D92B500712054 /* RestaurantLocator.xcdatamodeld in Sources */ = {isa = PBXBuildFile; fileRef = 791854A91F4D92B500712054 /* RestaurantLocator.xcdatamodeld */; };
		791854AD1F4D92B500712054 /* Assets.xcassets in Resources */ = {isa = PBXBuildFile; fileRef = 791854AC1F4D92B500712054 /* Assets.xcassets */; };
		791854B01F4D92B500712054 /* LaunchScreen.storyboard in Resources */ = {isa = PBXBuildFile; fileRef = 791854AE1F4D92B500712054 /* LaunchScreen.storyboard */; };
		791854BB1F4D92B600712054 /* RestaurantLocatorTests.swift in Sources */ = {isa = PBXBuildFile; fileRef = 791854BA1F4D92B600712054 /* RestaurantLocatorTests.swift */; };
		791854C61F4D92B600712054 /* RestaurantLocatorUITests.swift in Sources */ = {isa = PBXBuildFile; fileRef = 791854C51F4D92B600712054 /* RestaurantLocatorUITests.swift */; };
		791854D41F4D9A1A00712054 /* restaurantTableViewController.swift in Sources */ = {isa = PBXBuildFile; fileRef = 791854D31F4D9A1A00712054 /* restaurantTableViewController.swift */; };
		791854D61F4D9A5E00712054 /* RestaurantCell.swift in Sources */ = {isa = PBXBuildFile; fileRef = 791854D51F4D9A5E00712054 /* RestaurantCell.swift */; };
		791854DA1F4D9AF400712054 /* RestaurantDetailViewController.swift in Sources */ = {isa = PBXBuildFile; fileRef = 791854D91F4D9AF400712054 /* RestaurantDetailViewController.swift */; };
		794BCB6B1F544349000931D5 /* Pinpoint-Bookmarking-App-Icon-ONLY-180px.png in Resources */ = {isa = PBXBuildFile; fileRef = 794BCB6A1F544349000931D5 /* Pinpoint-Bookmarking-App-Icon-ONLY-180px.png */; };
		794BCB6D1F57BEC4000931D5 /* AddCategoryViewController.swift in Sources */ = {isa = PBXBuildFile; fileRef = 794BCB6C1F57BEC4000931D5 /* AddCategoryViewController.swift */; };
		794BCB6F1F59188B000931D5 /* doge.jpg in Resources */ = {isa = PBXBuildFile; fileRef = 794BCB6E1F59188B000931D5 /* doge.jpg */; };
		794BCB711F5CF1CD000931D5 /* MyAnnotation.swift in Sources */ = {isa = PBXBuildFile; fileRef = 794BCB701F5CF1CD000931D5 /* MyAnnotation.swift */; };
		794BCB761F5F785E000931D5 /* category_default_icon.jpg in Resources */ = {isa = PBXBuildFile; fileRef = 794BCB741F5F785E000931D5 /* category_default_icon.jpg */; };
		794BCB771F5F785E000931D5 /* restaurant_default_icon.jpg in Resources */ = {isa = PBXBuildFile; fileRef = 794BCB751F5F785E000931D5 /* restaurant_default_icon.jpg */; };
		794BCB791F5F93C9000931D5 /* mapViewController.swift in Sources */ = {isa = PBXBuildFile; fileRef = 794BCB781F5F93C9000931D5 /* mapViewController.swift */; };
		794BCB7B1F600B2A000931D5 /* RatingControl.swift in Sources */ = {isa = PBXBuildFile; fileRef = 794BCB7A1F600B2A000931D5 /* RatingControl.swift */; };
		794BCB9B1F610E44000931D5 /* Restaurant+CoreDataClass.swift in Sources */ = {isa = PBXBuildFile; fileRef = 794BCB971F610E44000931D5 /* Restaurant+CoreDataClass.swift */; };
		794BCB9C1F610E44000931D5 /* Restaurant+CoreDataProperties.swift in Sources */ = {isa = PBXBuildFile; fileRef = 794BCB981F610E44000931D5 /* Restaurant+CoreDataProperties.swift */; };
		794BCB9D1F610E44000931D5 /* Category+CoreDataClass.swift in Sources */ = {isa = PBXBuildFile; fileRef = 794BCB991F610E44000931D5 /* Category+CoreDataClass.swift */; };
		794BCB9E1F610E44000931D5 /* Category+CoreDataProperties.swift in Sources */ = {isa = PBXBuildFile; fileRef = 794BCB9A1F610E44000931D5 /* Category+CoreDataProperties.swift */; };
		794C48C81F4FD5D800BBA391 /* CategoryCell.swift in Sources */ = {isa = PBXBuildFile; fileRef = 794C48C71F4FD5D800BBA391 /* CategoryCell.swift */; };
		794C48CA1F5193DB00BBA391 /* AddNewRestaurantViewController.swift in Sources */ = {isa = PBXBuildFile; fileRef = 794C48C91F5193DB00BBA391 /* AddNewRestaurantViewController.swift */; };
		79CEE8991F52672E00A174E6 /* CategoryTableViewController.swift in Sources */ = {isa = PBXBuildFile; fileRef = 79CEE8981F52672E00A174E6 /* CategoryTableViewController.swift */; };
		79DA47731F52C8C500A1643F /* australia_food.jpg in Resources */ = {isa = PBXBuildFile; fileRef = 79DA47701F52C8C500A1643F /* australia_food.jpg */; };
		79DA47741F52C8C500A1643F /* japanese_food.jpg in Resources */ = {isa = PBXBuildFile; fileRef = 79DA47711F52C8C500A1643F /* japanese_food.jpg */; };
		79DA47761F53980400A1643F /* chinese_food.jpg in Resources */ = {isa = PBXBuildFile; fileRef = 79DA47751F53980400A1643F /* chinese_food.jpg */; };
/* End PBXBuildFile section */

/* Begin PBXContainerItemProxy section */
		791854B71F4D92B600712054 /* PBXContainerItemProxy */ = {
			isa = PBXContainerItemProxy;
			containerPortal = 791854971F4D92B500712054 /* Project object */;
			proxyType = 1;
			remoteGlobalIDString = 7918549E1F4D92B500712054;
			remoteInfo = RestaurantLocator;
		};
		791854C21F4D92B600712054 /* PBXContainerItemProxy */ = {
			isa = PBXContainerItemProxy;
			containerPortal = 791854971F4D92B500712054 /* Project object */;
			proxyType = 1;
			remoteGlobalIDString = 7918549E1F4D92B500712054;
			remoteInfo = RestaurantLocator;
		};
/* End PBXContainerItemProxy section */

/* Begin PBXFileReference section */
		7918549F1F4D92B500712054 /* RestaurantLocator.app */ = {isa = PBXFileReference; explicitFileType = wrapper.application; includeInIndex = 0; path = RestaurantLocator.app; sourceTree = BUILT_PRODUCTS_DIR; };
		791854A21F4D92B500712054 /* AppDelegate.swift */ = {isa = PBXFileReference; lastKnownFileType = sourcecode.swift; path = AppDelegate.swift; sourceTree = "<group>"; };
		791854A41F4D92B500712054 /* ViewController.swift */ = {isa = PBXFileReference; lastKnownFileType = sourcecode.swift; path = ViewController.swift; sourceTree = "<group>"; };
		791854A71F4D92B500712054 /* Base */ = {isa = PBXFileReference; lastKnownFileType = file.storyboard; name = Base; path = Base.lproj/Main.storyboard; sourceTree = "<group>"; };
		791854AA1F4D92B500712054 /* RestaurantLocator.xcdatamodel */ = {isa = PBXFileReference; lastKnownFileType = wrapper.xcdatamodel; path = RestaurantLocator.xcdatamodel; sourceTree = "<group>"; };
		791854AC1F4D92B500712054 /* Assets.xcassets */ = {isa = PBXFileReference; lastKnownFileType = folder.assetcatalog; path = Assets.xcassets; sourceTree = "<group>"; };
		791854AF1F4D92B500712054 /* Base */ = {isa = PBXFileReference; lastKnownFileType = file.storyboard; name = Base; path = Base.lproj/LaunchScreen.storyboard; sourceTree = "<group>"; };
		791854B11F4D92B500712054 /* Info.plist */ = {isa = PBXFileReference; lastKnownFileType = text.plist.xml; path = Info.plist; sourceTree = "<group>"; };
		791854B61F4D92B600712054 /* RestaurantLocatorTests.xctest */ = {isa = PBXFileReference; explicitFileType = wrapper.cfbundle; includeInIndex = 0; path = RestaurantLocatorTests.xctest; sourceTree = BUILT_PRODUCTS_DIR; };
		791854BA1F4D92B600712054 /* RestaurantLocatorTests.swift */ = {isa = PBXFileReference; lastKnownFileType = sourcecode.swift; path = RestaurantLocatorTests.swift; sourceTree = "<group>"; };
		791854BC1F4D92B600712054 /* Info.plist */ = {isa = PBXFileReference; lastKnownFileType = text.plist.xml; path = Info.plist; sourceTree = "<group>"; };
		791854C11F4D92B600712054 /* RestaurantLocatorUITests.xctest */ = {isa = PBXFileReference; explicitFileType = wrapper.cfbundle; includeInIndex = 0; path = RestaurantLocatorUITests.xctest; sourceTree = BUILT_PRODUCTS_DIR; };
		791854C51F4D92B600712054 /* RestaurantLocatorUITests.swift */ = {isa = PBXFileReference; lastKnownFileType = sourcecode.swift; path = RestaurantLocatorUITests.swift; sourceTree = "<group>"; };
		791854C71F4D92B600712054 /* Info.plist */ = {isa = PBXFileReference; lastKnownFileType = text.plist.xml; path = Info.plist; sourceTree = "<group>"; };
		791854D31F4D9A1A00712054 /* restaurantTableViewController.swift */ = {isa = PBXFileReference; fileEncoding = 4; lastKnownFileType = sourcecode.swift; path = restaurantTableViewController.swift; sourceTree = "<group>"; };
		791854D51F4D9A5E00712054 /* RestaurantCell.swift */ = {isa = PBXFileReference; fileEncoding = 4; lastKnownFileType = sourcecode.swift; path = RestaurantCell.swift; sourceTree = "<group>"; };
		791854D91F4D9AF400712054 /* RestaurantDetailViewController.swift */ = {isa = PBXFileReference; fileEncoding = 4; lastKnownFileType = sourcecode.swift; name = RestaurantDetailViewController.swift; path = ../RestaurantDetailViewController.swift; sourceTree = "<group>"; };
		794BCB6A1F544349000931D5 /* Pinpoint-Bookmarking-App-Icon-ONLY-180px.png */ = {isa = PBXFileReference; lastKnownFileType = image.png; name = "Pinpoint-Bookmarking-App-Icon-ONLY-180px.png"; path = "../../../Downloads/Pinpoint-Bookmarking-App-Icon-ONLY-180px.png"; sourceTree = "<group>"; };
		794BCB6C1F57BEC4000931D5 /* AddCategoryViewController.swift */ = {isa = PBXFileReference; fileEncoding = 4; lastKnownFileType = sourcecode.swift; path = AddCategoryViewController.swift; sourceTree = "<group>"; };
		794BCB6E1F59188B000931D5 /* doge.jpg */ = {isa = PBXFileReference; lastKnownFileType = image.jpeg; path = doge.jpg; sourceTree = SOURCE_ROOT; };
		794BCB701F5CF1CD000931D5 /* MyAnnotation.swift */ = {isa = PBXFileReference; fileEncoding = 4; lastKnownFileType = sourcecode.swift; path = MyAnnotation.swift; sourceTree = "<group>"; };
		794BCB741F5F785E000931D5 /* category_default_icon.jpg */ = {isa = PBXFileReference; lastKnownFileType = image.jpeg; name = category_default_icon.jpg; path = ../../../Downloads/category_default_icon.jpg; sourceTree = "<group>"; };
		794BCB751F5F785E000931D5 /* restaurant_default_icon.jpg */ = {isa = PBXFileReference; lastKnownFileType = image.jpeg; name = restaurant_default_icon.jpg; path = ../../../Downloads/restaurant_default_icon.jpg; sourceTree = "<group>"; };
		794BCB781F5F93C9000931D5 /* mapViewController.swift */ = {isa = PBXFileReference; fileEncoding = 4; lastKnownFileType = sourcecode.swift; path = mapViewController.swift; sourceTree = "<group>"; };
		794BCB7A1F600B2A000931D5 /* RatingControl.swift */ = {isa = PBXFileReference; fileEncoding = 4; lastKnownFileType = sourcecode.swift; name = RatingControl.swift; path = ../RatingControl.swift; sourceTree = "<group>"; };
		794BCB7C1F60DA1F000931D5 /* Location-Caulfield.gpx */ = {isa = PBXFileReference; lastKnownFileType = text.xml; path = "Location-Caulfield.gpx"; sourceTree = "<group>"; };
		794BCB7D1F60DC02000931D5 /* Location-Clayton.gpx */ = {isa = PBXFileReference; lastKnownFileType = text.xml; path = "Location-Clayton.gpx"; sourceTree = "<group>"; };
		794BCB7E1F60FD6B000931D5 /* Location-Melbourne Central.gpx */ = {isa = PBXFileReference; lastKnownFileType = text.xml; path = "Location-Melbourne Central.gpx"; sourceTree = "<group>"; };
		794BCB971F610E44000931D5 /* Restaurant+CoreDataClass.swift */ = {isa = PBXFileReference; fileEncoding = 4; lastKnownFileType = sourcecode.swift; path = "Restaurant+CoreDataClass.swift"; sourceTree = "<group>"; };
		794BCB981F610E44000931D5 /* Restaurant+CoreDataProperties.swift */ = {isa = PBXFileReference; fileEncoding = 4; lastKnownFileType = sourcecode.swift; path = "Restaurant+CoreDataProperties.swift"; sourceTree = "<group>"; };
		794BCB991F610E44000931D5 /* Category+CoreDataClass.swift */ = {isa = PBXFileReference; fileEncoding = 4; lastKnownFileType = sourcecode.swift; path = "Category+CoreDataClass.swift"; sourceTree = "<group>"; };
		794BCB9A1F610E44000931D5 /* Category+CoreDataProperties.swift */ = {isa = PBXFileReference; fileEncoding = 4; lastKnownFileType = sourcecode.swift; path = "Category+CoreDataProperties.swift"; sourceTree = "<group>"; };
		794C48C71F4FD5D800BBA391 /* CategoryCell.swift */ = {isa = PBXFileReference; fileEncoding = 4; lastKnownFileType = sourcecode.swift; path = CategoryCell.swift; sourceTree = "<group>"; };
		794C48C91F5193DB00BBA391 /* AddNewRestaurantViewController.swift */ = {isa = PBXFileReference; fileEncoding = 4; lastKnownFileType = sourcecode.swift; path = AddNewRestaurantViewController.swift; sourceTree = "<group>"; };
		79CEE8981F52672E00A174E6 /* CategoryTableViewController.swift */ = {isa = PBXFileReference; fileEncoding = 4; lastKnownFileType = sourcecode.swift; path = CategoryTableViewController.swift; sourceTree = "<group>"; };
		79DA47701F52C8C500A1643F /* australia_food.jpg */ = {isa = PBXFileReference; lastKnownFileType = image.jpeg; name = australia_food.jpg; path = ../../../Downloads/australia_food.jpg; sourceTree = "<group>"; };
		79DA47711F52C8C500A1643F /* japanese_food.jpg */ = {isa = PBXFileReference; lastKnownFileType = image.jpeg; name = japanese_food.jpg; path = ../../../Downloads/japanese_food.jpg; sourceTree = "<group>"; };
		79DA47751F53980400A1643F /* chinese_food.jpg */ = {isa = PBXFileReference; lastKnownFileType = image.jpeg; name = chinese_food.jpg; path = ../../../Downloads/chinese_food.jpg; sourceTree = "<group>"; };
/* End PBXFileReference section */

/* Begin PBXFrameworksBuildPhase section */
		7918549C1F4D92B500712054 /* Frameworks */ = {
			isa = PBXFrameworksBuildPhase;
			buildActionMask = 2147483647;
			files = (
			);
			runOnlyForDeploymentPostprocessing = 0;
		};
		791854B31F4D92B600712054 /* Frameworks */ = {
			isa = PBXFrameworksBuildPhase;
			buildActionMask = 2147483647;
			files = (
			);
			runOnlyForDeploymentPostprocessing = 0;
		};
		791854BE1F4D92B600712054 /* Frameworks */ = {
			isa = PBXFrameworksBuildPhase;
			buildActionMask = 2147483647;
			files = (
			);
			runOnlyForDeploymentPostprocessing = 0;
		};
/* End PBXFrameworksBuildPhase section */

/* Begin PBXGroup section */
		791854961F4D92B500712054 = {
			isa = PBXGroup;
			children = (
				794BCB971F610E44000931D5 /* Restaurant+CoreDataClass.swift */,
				794BCB981F610E44000931D5 /* Restaurant+CoreDataProperties.swift */,
				794BCB991F610E44000931D5 /* Category+CoreDataClass.swift */,
				794BCB9A1F610E44000931D5 /* Category+CoreDataProperties.swift */,
				791854A11F4D92B500712054 /* RestaurantLocator */,
				791854B91F4D92B600712054 /* RestaurantLocatorTests */,
				791854C41F4D92B600712054 /* RestaurantLocatorUITests */,
				791854A01F4D92B500712054 /* Products */,
			);
			sourceTree = "<group>";
		};
		791854A01F4D92B500712054 /* Products */ = {
			isa = PBXGroup;
			children = (
				7918549F1F4D92B500712054 /* RestaurantLocator.app */,
				791854B61F4D92B600712054 /* RestaurantLocatorTests.xctest */,
				791854C11F4D92B600712054 /* RestaurantLocatorUITests.xctest */,
			);
			name = Products;
			sourceTree = "<group>";
		};
		791854A11F4D92B500712054 /* RestaurantLocator */ = {
			isa = PBXGroup;
			children = (
				794BCB7A1F600B2A000931D5 /* RatingControl.swift */,
				794BCB741F5F785E000931D5 /* category_default_icon.jpg */,
				794BCB751F5F785E000931D5 /* restaurant_default_icon.jpg */,
				794BCB6E1F59188B000931D5 /* doge.jpg */,
				791854A21F4D92B500712054 /* AppDelegate.swift */,
				791854D91F4D9AF400712054 /* RestaurantDetailViewController.swift */,
				791854A41F4D92B500712054 /* ViewController.swift */,
				791854A61F4D92B500712054 /* Main.storyboard */,
				794BCB781F5F93C9000931D5 /* mapViewController.swift */,
				794BCB7C1F60DA1F000931D5 /* Location-Caulfield.gpx */,
				794BCB7E1F60FD6B000931D5 /* Location-Melbourne Central.gpx */,
				794BCB7D1F60DC02000931D5 /* Location-Clayton.gpx */,
				794BCB6C1F57BEC4000931D5 /* AddCategoryViewController.swift */,
				79CEE8981F52672E00A174E6 /* CategoryTableViewController.swift */,
				794C48C91F5193DB00BBA391 /* AddNewRestaurantViewController.swift */,
				794C48C71F4FD5D800BBA391 /* CategoryCell.swift */,
				791854D51F4D9A5E00712054 /* RestaurantCell.swift */,
				791854D31F4D9A1A00712054 /* restaurantTableViewController.swift */,
				791854AC1F4D92B500712054 /* Assets.xcassets */,
				791854AE1F4D92B500712054 /* LaunchScreen.storyboard */,
				791854B11F4D92B500712054 /* Info.plist */,
				791854A91F4D92B500712054 /* RestaurantLocator.xcdatamodeld */,
				79DA47751F53980400A1643F /* chinese_food.jpg */,
				79DA47701F52C8C500A1643F /* australia_food.jpg */,
				79DA47711F52C8C500A1643F /* japanese_food.jpg */,
				794BCB6A1F544349000931D5 /* Pinpoint-Bookmarking-App-Icon-ONLY-180px.png */,
				794BCB701F5CF1CD000931D5 /* MyAnnotation.swift */,
			);
			path = RestaurantLocator;
			sourceTree = "<group>";
		};
		791854B91F4D92B600712054 /* RestaurantLocatorTests */ = {
			isa = PBXGroup;
			children = (
				791854BA1F4D92B600712054 /* RestaurantLocatorTests.swift */,
				791854BC1F4D92B600712054 /* Info.plist */,
			);
			path = RestaurantLocatorTests;
			sourceTree = "<group>";
		};
		791854C41F4D92B600712054 /* RestaurantLocatorUITests */ = {
			isa = PBXGroup;
			children = (
				791854C51F4D92B600712054 /* RestaurantLocatorUITests.swift */,
				791854C71F4D92B600712054 /* Info.plist */,
			);
			path = RestaurantLocatorUITests;
			sourceTree = "<group>";
		};
/* End PBXGroup section */

/* Begin PBXNativeTarget section */
		7918549E1F4D92B500712054 /* RestaurantLocator */ = {
			isa = PBXNativeTarget;
			buildConfigurationList = 791854CA1F4D92B600712054 /* Build configuration list for PBXNativeTarget "RestaurantLocator" */;
			buildPhases = (
				7918549B1F4D92B500712054 /* Sources */,
				7918549C1F4D92B500712054 /* Frameworks */,
				7918549D1F4D92B500712054 /* Resources */,
			);
			buildRules = (
			);
			dependencies = (
			);
			name = RestaurantLocator;
			productName = RestaurantLocator;
			productReference = 7918549F1F4D92B500712054 /* RestaurantLocator.app */;
			productType = "com.apple.product-type.application";
		};
		791854B51F4D92B600712054 /* RestaurantLocatorTests */ = {
			isa = PBXNativeTarget;
			buildConfigurationList = 791854CD1F4D92B600712054 /* Build configuration list for PBXNativeTarget "RestaurantLocatorTests" */;
			buildPhases = (
				791854B21F4D92B600712054 /* Sources */,
				791854B31F4D92B600712054 /* Frameworks */,
				791854B41F4D92B600712054 /* Resources */,
			);
			buildRules = (
			);
			dependencies = (
				791854B81F4D92B600712054 /* PBXTargetDependency */,
			);
			name = RestaurantLocatorTests;
			productName = RestaurantLocatorTests;
			productReference = 791854B61F4D92B600712054 /* RestaurantLocatorTests.xctest */;
			productType = "com.apple.product-type.bundle.unit-test";
		};
		791854C01F4D92B600712054 /* RestaurantLocatorUITests */ = {
			isa = PBXNativeTarget;
			buildConfigurationList = 791854D01F4D92B600712054 /* Build configuration list for PBXNativeTarget "RestaurantLocatorUITests" */;
			buildPhases = (
				791854BD1F4D92B600712054 /* Sources */,
				791854BE1F4D92B600712054 /* Frameworks */,
				791854BF1F4D92B600712054 /* Resources */,
			);
			buildRules = (
			);
			dependencies = (
				791854C31F4D92B600712054 /* PBXTargetDependency */,
			);
			name = RestaurantLocatorUITests;
			productName = RestaurantLocatorUITests;
			productReference = 791854C11F4D92B600712054 /* RestaurantLocatorUITests.xctest */;
			productType = "com.apple.product-type.bundle.ui-testing";
		};
/* End PBXNativeTarget section */

/* Begin PBXProject section */
		791854971F4D92B500712054 /* Project object */ = {
			isa = PBXProject;
			attributes = {
				LastSwiftUpdateCheck = 0820;
				LastUpgradeCheck = 0820;
				ORGANIZATIONNAME = Richard;
				TargetAttributes = {
					7918549E1F4D92B500712054 = {
						CreatedOnToolsVersion = 8.2.1;
						DevelopmentTeam = 9XX6GSU6P7;
						ProvisioningStyle = Automatic;
					};
					791854B51F4D92B600712054 = {
						CreatedOnToolsVersion = 8.2.1;
						DevelopmentTeam = 9XX6GSU6P7;
						ProvisioningStyle = Automatic;
						TestTargetID = 7918549E1F4D92B500712054;
					};
					791854C01F4D92B600712054 = {
						CreatedOnToolsVersion = 8.2.1;
						DevelopmentTeam = 9XX6GSU6P7;
						ProvisioningStyle = Automatic;
						TestTargetID = 7918549E1F4D92B500712054;
					};
				};
			};
			buildConfigurationList = 7918549A1F4D92B500712054 /* Build configuration list for PBXProject "RestaurantLocator" */;
			compatibilityVersion = "Xcode 3.2";
			developmentRegion = English;
			hasScannedForEncodings = 0;
			knownRegions = (
				en,
				Base,
			);
			mainGroup = 791854961F4D92B500712054;
			productRefGroup = 791854A01F4D92B500712054 /* Products */;
			projectDirPath = "";
			projectRoot = "";
			targets = (
				7918549E1F4D92B500712054 /* RestaurantLocator */,
				791854B51F4D92B600712054 /* RestaurantLocatorTests */,
				791854C01F4D92B600712054 /* RestaurantLocatorUITests */,
			);
		};
/* End PBXProject section */

/* Begin PBXResourcesBuildPhase section */
		7918549D1F4D92B500712054 /* Resources */ = {
			isa = PBXResourcesBuildPhase;
			buildActionMask = 2147483647;
			files = (
				791854B01F4D92B500712054 /* LaunchScreen.storyboard in Resources */,
				794BCB6B1F544349000931D5 /* Pinpoint-Bookmarking-App-Icon-ONLY-180px.png in Resources */,
				791854AD1F4D92B500712054 /* Assets.xcassets in Resources */,
				794BCB771F5F785E000931D5 /* restaurant_default_icon.jpg in Resources */,
				791854A81F4D92B500712054 /* Main.storyboard in Resources */,
				79DA47761F53980400A1643F /* chinese_food.jpg in Resources */,
				79DA47741F52C8C500A1643F /* japanese_food.jpg in Resources */,
				794BCB6F1F59188B000931D5 /* doge.jpg in Resources */,
				79DA47731F52C8C500A1643F /* australia_food.jpg in Resources */,
				794BCB761F5F785E000931D5 /* category_default_icon.jpg in Resources */,
			);
			runOnlyForDeploymentPostprocessing = 0;
		};
		791854B41F4D92B600712054 /* Resources */ = {
			isa = PBXResourcesBuildPhase;
			buildActionMask = 2147483647;
			files = (
			);
			runOnlyForDeploymentPostprocessing = 0;
		};
		791854BF1F4D92B600712054 /* Resources */ = {
			isa = PBXResourcesBuildPhase;
			buildActionMask = 2147483647;
			files = (
			);
			runOnlyForDeploymentPostprocessing = 0;
		};
/* End PBXResourcesBuildPhase section */

/* Begin PBXSourcesBuildPhase section */
		7918549B1F4D92B500712054 /* Sources */ = {
			isa = PBXSourcesBuildPhase;
			buildActionMask = 2147483647;
			files = (
				791854D61F4D9A5E00712054 /* RestaurantCell.swift in Sources */,
				794C48CA1F5193DB00BBA391 /* AddNewRestaurantViewController.swift in Sources */,
				794BCB711F5CF1CD000931D5 /* MyAnnotation.swift in Sources */,
				79CEE8991F52672E00A174E6 /* CategoryTableViewController.swift in Sources */,
				791854A51F4D92B500712054 /* ViewController.swift in Sources */,
				791854AB1F4D92B500712054 /* RestaurantLocator.xcdatamodeld in Sources */,
				794BCB9B1F610E44000931D5 /* Restaurant+CoreDataClass.swift in Sources */,
				794C48C81F4FD5D800BBA391 /* CategoryCell.swift in Sources */,
				794BCB9E1F610E44000931D5 /* Category+CoreDataProperties.swift in Sources */,
				791854D41F4D9A1A00712054 /* restaurantTableViewController.swift in Sources */,
				794BCB9D1F610E44000931D5 /* Category+CoreDataClass.swift in Sources */,
				794BCB9C1F610E44000931D5 /* Restaurant+CoreDataProperties.swift in Sources */,
				791854DA1F4D9AF400712054 /* RestaurantDetailViewController.swift in Sources */,
				794BCB6D1F57BEC4000931D5 /* AddCategoryViewController.swift in Sources */,
				791854A31F4D92B500712054 /* AppDelegate.swift in Sources */,
				794BCB791F5F93C9000931D5 /* mapViewController.swift in Sources */,
				794BCB7B1F600B2A000931D5 /* RatingControl.swift in Sources */,
			);
			runOnlyForDeploymentPostprocessing = 0;
		};
		791854B21F4D92B600712054 /* Sources */ = {
			isa = PBXSourcesBuildPhase;
			buildActionMask = 2147483647;
			files = (
				791854BB1F4D92B600712054 /* RestaurantLocatorTests.swift in Sources */,
			);
			runOnlyForDeploymentPostprocessing = 0;
		};
		791854BD1F4D92B600712054 /* Sources */ = {
			isa = PBXSourcesBuildPhase;
			buildActionMask = 2147483647;
			files = (
				791854C61F4D92B600712054 /* RestaurantLocatorUITests.swift in Sources */,
			);
			runOnlyForDeploymentPostprocessing = 0;
		};
/* End PBXSourcesBuildPhase section */

/* Begin PBXTargetDependency section */
		791854B81F4D92B600712054 /* PBXTargetDependency */ = {
			isa = PBXTargetDependency;
			target = 7918549E1F4D92B500712054 /* RestaurantLocator */;
			targetProxy = 791854B71F4D92B600712054 /* PBXContainerItemProxy */;
		};
		791854C31F4D92B600712054 /* PBXTargetDependency */ = {
			isa = PBXTargetDependency;
			target = 7918549E1F4D92B500712054 /* RestaurantLocator */;
			targetProxy = 791854C21F4D92B600712054 /* PBXContainerItemProxy */;
		};
/* End PBXTargetDependency section */

/* Begin PBXVariantGroup section */
		791854A61F4D92B500712054 /* Main.storyboard */ = {
			isa = PBXVariantGroup;
			children = (
				791854A71F4D92B500712054 /* Base */,
			);
			name = Main.storyboard;
			sourceTree = "<group>";
		};
		791854AE1F4D92B500712054 /* LaunchScreen.storyboard */ = {
			isa = PBXVariantGroup;
			children = (
				791854AF1F4D92B500712054 /* Base */,
			);
			name = LaunchScreen.storyboard;
			sourceTree = "<group>";
		};
/* End PBXVariantGroup section */

/* Begin XCBuildConfiguration section */
		791854C81F4D92B600712054 /* Debug */ = {
			isa = XCBuildConfiguration;
			buildSettings = {
				ALWAYS_SEARCH_USER_PATHS = NO;
				CLANG_ANALYZER_NONNULL = YES;
				CLANG_CXX_LANGUAGE_STANDARD = "gnu++0x";
				CLANG_CXX_LIBRARY = "libc++";
				CLANG_ENABLE_MODULES = YES;
				CLANG_ENABLE_OBJC_ARC = YES;
				CLANG_WARN_BOOL_CONVERSION = YES;
				CLANG_WARN_CONSTANT_CONVERSION = YES;
				CLANG_WARN_DIRECT_OBJC_ISA_USAGE = YES_ERROR;
				CLANG_WARN_DOCUMENTATION_COMMENTS = YES;
				CLANG_WARN_EMPTY_BODY = YES;
				CLANG_WARN_ENUM_CONVERSION = YES;
				CLANG_WARN_INFINITE_RECURSION = YES;
				CLANG_WARN_INT_CONVERSION = YES;
				CLANG_WARN_OBJC_ROOT_CLASS = YES_ERROR;
				CLANG_WARN_SUSPICIOUS_MOVE = YES;
				CLANG_WARN_UNREACHABLE_CODE = YES;
				CLANG_WARN__DUPLICATE_METHOD_MATCH = YES;
				"CODE_SIGN_IDENTITY[sdk=iphoneos*]" = "iPhone Developer";
				COPY_PHASE_STRIP = NO;
				DEBUG_INFORMATION_FORMAT = dwarf;
				ENABLE_STRICT_OBJC_MSGSEND = YES;
				ENABLE_TESTABILITY = YES;
				GCC_C_LANGUAGE_STANDARD = gnu99;
				GCC_DYNAMIC_NO_PIC = NO;
				GCC_NO_COMMON_BLOCKS = YES;
				GCC_OPTIMIZATION_LEVEL = 0;
				GCC_PREPROCESSOR_DEFINITIONS = (
					"DEBUG=1",
					"$(inherited)",
				);
				GCC_WARN_64_TO_32_BIT_CONVERSION = YES;
				GCC_WARN_ABOUT_RETURN_TYPE = YES_ERROR;
				GCC_WARN_UNDECLARED_SELECTOR = YES;
				GCC_WARN_UNINITIALIZED_AUTOS = YES_AGGRESSIVE;
				GCC_WARN_UNUSED_FUNCTION = YES;
				GCC_WARN_UNUSED_VARIABLE = YES;
				IPHONEOS_DEPLOYMENT_TARGET = 10.2;
				MTL_ENABLE_DEBUG_INFO = YES;
				ONLY_ACTIVE_ARCH = YES;
				SDKROOT = iphoneos;
				SWIFT_ACTIVE_COMPILATION_CONDITIONS = DEBUG;
				SWIFT_OPTIMIZATION_LEVEL = "-Onone";
			};
			name = Debug;
		};
		791854C91F4D92B600712054 /* Release */ = {
			isa = XCBuildConfiguration;
			buildSettings = {
				ALWAYS_SEARCH_USER_PATHS = NO;
				CLANG_ANALYZER_NONNULL = YES;
				CLANG_CXX_LANGUAGE_STANDARD = "gnu++0x";
				CLANG_CXX_LIBRARY = "libc++";
				CLANG_ENABLE_MODULES = YES;
				CLANG_ENABLE_OBJC_ARC = YES;
				CLANG_WARN_BOOL_CONVERSION = YES;
				CLANG_WARN_CONSTANT_CONVERSION = YES;
				CLANG_WARN_DIRECT_OBJC_ISA_USAGE = YES_ERROR;
				CLANG_WARN_DOCUMENTATION_COMMENTS = YES;
				CLANG_WARN_EMPTY_BODY = YES;
				CLANG_WARN_ENUM_CONVERSION = YES;
				CLANG_WARN_INFINITE_RECURSION = YES;
				CLANG_WARN_INT_CONVERSION = YES;
				CLANG_WARN_OBJC_ROOT_CLASS = YES_ERROR;
				CLANG_WARN_SUSPICIOUS_MOVE = YES;
				CLANG_WARN_UNREACHABLE_CODE = YES;
				CLANG_WARN__DUPLICATE_METHOD_MATCH = YES;
				"CODE_SIGN_IDENTITY[sdk=iphoneos*]" = "iPhone Developer";
				COPY_PHASE_STRIP = NO;
				DEBUG_INFORMATION_FORMAT = "dwarf-with-dsym";
				ENABLE_NS_ASSERTIONS = NO;
				ENABLE_STRICT_OBJC_MSGSEND = YES;
				GCC_C_LANGUAGE_STANDARD = gnu99;
				GCC_NO_COMMON_BLOCKS = YES;
				GCC_WARN_64_TO_32_BIT_CONVERSION = YES;
				GCC_WARN_ABOUT_RETURN_TYPE = YES_ERROR;
				GCC_WARN_UNDECLARED_SELECTOR = YES;
				GCC_WARN_UNINITIALIZED_AUTOS = YES_AGGRESSIVE;
				GCC_WARN_UNUSED_FUNCTION = YES;
				GCC_WARN_UNUSED_VARIABLE = YES;
				IPHONEOS_DEPLOYMENT_TARGET = 10.2;
				MTL_ENABLE_DEBUG_INFO = NO;
				SDKROOT = iphoneos;
				SWIFT_OPTIMIZATION_LEVEL = "-Owholemodule";
				VALIDATE_PRODUCT = YES;
			};
			name = Release;
		};
		791854CB1F4D92B600712054 /* Debug */ = {
			isa = XCBuildConfiguration;
			buildSettings = {
				ASSETCATALOG_COMPILER_APPICON_NAME = AppIcon;
				DEVELOPMENT_TEAM = 9XX6GSU6P7;
				INFOPLIST_FILE = RestaurantLocator/Info.plist;
				IPHONEOS_DEPLOYMENT_TARGET = 10.3;
				LD_RUNPATH_SEARCH_PATHS = "$(inherited) @executable_path/Frameworks";
				PRODUCT_BUNDLE_IDENTIFIER = com.richard.RestaurantLocator;
				PRODUCT_NAME = "$(TARGET_NAME)";
				SWIFT_VERSION = 3.0;
			};
			name = Debug;
		};
		791854CC1F4D92B600712054 /* Release */ = {
			isa = XCBuildConfiguration;
			buildSettings = {
				ASSETCATALOG_COMPILER_APPICON_NAME = AppIcon;
				DEVELOPMENT_TEAM = 9XX6GSU6P7;
				INFOPLIST_FILE = RestaurantLocator/Info.plist;
				IPHONEOS_DEPLOYMENT_TARGET = 10.3;
				LD_RUNPATH_SEARCH_PATHS = "$(inherited) @executable_path/Frameworks";
				PRODUCT_BUNDLE_IDENTIFIER = com.richard.RestaurantLocator;
				PRODUCT_NAME = "$(TARGET_NAME)";
				SWIFT_VERSION = 3.0;
			};
			name = Release;
		};
		791854CE1F4D92B600712054 /* Debug */ = {
			isa = XCBuildConfiguration;
			buildSettings = {
				ALWAYS_EMBED_SWIFT_STANDARD_LIBRARIES = YES;
				BUNDLE_LOADER = "$(TEST_HOST)";
				DEVELOPMENT_TEAM = 9XX6GSU6P7;
				INFOPLIST_FILE = RestaurantLocatorTests/Info.plist;
				LD_RUNPATH_SEARCH_PATHS = "$(inherited) @executable_path/Frameworks @loader_path/Frameworks";
				PRODUCT_BUNDLE_IDENTIFIER = com.richard.RestaurantLocatorTests;
				PRODUCT_NAME = "$(TARGET_NAME)";
				SWIFT_VERSION = 3.0;
				TEST_HOST = "$(BUILT_PRODUCTS_DIR)/RestaurantLocator.app/RestaurantLocator";
			};
			name = Debug;
		};
		791854CF1F4D92B600712054 /* Release */ = {
			isa = XCBuildConfiguration;
			buildSettings = {
				ALWAYS_EMBED_SWIFT_STANDARD_LIBRARIES = YES;
				BUNDLE_LOADER = "$(TEST_HOST)";
				DEVELOPMENT_TEAM = 9XX6GSU6P7;
				INFOPLIST_FILE = RestaurantLocatorTests/Info.plist;
				LD_RUNPATH_SEARCH_PATHS = "$(inherited) @executable_path/Frameworks @loader_path/Frameworks";
				PRODUCT_BUNDLE_IDENTIFIER = com.richard.RestaurantLocatorTests;
				PRODUCT_NAME = "$(TARGET_NAME)";
				SWIFT_VERSION = 3.0;
				TEST_HOST = "$(BUILT_PRODUCTS_DIR)/RestaurantLocator.app/RestaurantLocator";
			};
			name = Release;
		};
		791854D11F4D92B600712054 /* Debug */ = {
			isa = XCBuildConfiguration;
			buildSettings = {
				ALWAYS_EMBED_SWIFT_STANDARD_LIBRARIES = YES;
				DEVELOPMENT_TEAM = 9XX6GSU6P7;
				INFOPLIST_FILE = RestaurantLocatorUITests/Info.plist;
				LD_RUNPATH_SEARCH_PATHS = "$(inherited) @executable_path/Frameworks @loader_path/Frameworks";
				PRODUCT_BUNDLE_IDENTIFIER = com.richard.RestaurantLocatorUITests;
				PRODUCT_NAME = "$(TARGET_NAME)";
				SWIFT_VERSION = 3.0;
				TEST_TARGET_NAME = RestaurantLocator;
			};
			name = Debug;
		};
		791854D21F4D92B600712054 /* Release */ = {
			isa = XCBuildConfiguration;
			buildSettings = {
				ALWAYS_EMBED_SWIFT_STANDARD_LIBRARIES = YES;
				DEVELOPMENT_TEAM = 9XX6GSU6P7;
				INFOPLIST_FILE = RestaurantLocatorUITests/Info.plist;
				LD_RUNPATH_SEARCH_PATHS = "$(inherited) @executable_path/Frameworks @loader_path/Frameworks";
				PRODUCT_BUNDLE_IDENTIFIER = com.richard.RestaurantLocatorUITests;
				PRODUCT_NAME = "$(TARGET_NAME)";
				SWIFT_VERSION = 3.0;
				TEST_TARGET_NAME = RestaurantLocator;
			};
			name = Release;
		};
/* End XCBuildConfiguration section */

/* Begin XCConfigurationList section */
		7918549A1F4D92B500712054 /* Build configuration list for PBXProject "RestaurantLocator" */ = {
			isa = XCConfigurationList;
			buildConfigurations = (
				791854C81F4D92B600712054 /* Debug */,
				791854C91F4D92B600712054 /* Release */,
			);
			defaultConfigurationIsVisible = 0;
			defaultConfigurationName = Release;
		};
		791854CA1F4D92B600712054 /* Build configuration list for PBXNativeTarget "RestaurantLocator" */ = {
			isa = XCConfigurationList;
			buildConfigurations = (
				791854CB1F4D92B600712054 /* Debug */,
				791854CC1F4D92B600712054 /* Release */,
			);
			defaultConfigurationIsVisible = 0;
			defaultConfigurationName = Release;
		};
		791854CD1F4D92B600712054 /* Build configuration list for PBXNativeTarget "RestaurantLocatorTests" */ = {
			isa = XCConfigurationList;
			buildConfigurations = (
				791854CE1F4D92B600712054 /* Debug */,
				791854CF1F4D92B600712054 /* Release */,
			);
			defaultConfigurationIsVisible = 0;
			defaultConfigurationName = Release;
		};
		791854D01F4D92B600712054 /* Build configuration list for PBXNativeTarget "RestaurantLocatorUITests" */ = {
			isa = XCConfigurationList;
			buildConfigurations = (
				791854D11F4D92B600712054 /* Debug */,
				791854D21F4D92B600712054 /* Release */,
			);
			defaultConfigurationIsVisible = 0;
			defaultConfigurationName = Release;
		};
/* End XCConfigurationList section */

/* Begin XCVersionGroup section */
		791854A91F4D92B500712054 /* RestaurantLocator.xcdatamodeld */ = {
			isa = XCVersionGroup;
			children = (
				791854AA1F4D92B500712054 /* RestaurantLocator.xcdatamodel */,
			);
			currentVersion = 791854AA1F4D92B500712054 /* RestaurantLocator.xcdatamodel */;
			path = RestaurantLocator.xcdatamodeld;
			sourceTree = "<group>";
			versionGroupType = wrapper.xcdatamodel;
		};
/* End XCVersionGroup section */
	};
	rootObject = 791854971F4D92B500712054 /* Project object */;
}
